{
  "version": 4,
  "terraform_version": "0.12.23",
  "serial": 19,
  "lineage": "b2f381c4-582b-0397-f014-95499f270089",
  "outputs": {},
  "resources": [
    {
      "mode": "managed",
      "type": "ovh_domain_zone_record",
      "name": "entries",
      "each": "list",
      "provider": "provider.ovh",
      "instances": [
        {
          "index_key": 0,
          "schema_version": 0,
          "attributes": {
            "fieldtype": "A",
            "id": "5110317618",
            "subdomain": "entry-0",
            "target": "127.0.0.1",
            "ttl": 3600,
            "zone": "hashicorp4noobs.fr"
          },
          "private": "bnVsbA=="
        },
        {
          "index_key": 1,
          "schema_version": 0,
          "attributes": {
            "fieldtype": "A",
            "id": "5110317621",
            "subdomain": "entry-1",
            "target": "127.0.0.1",
            "ttl": 3600,
            "zone": "hashicorp4noobs.fr"
          },
          "private": "bnVsbA=="
        },
        {
          "index_key": 2,
          "schema_version": 0,
          "attributes": {
            "fieldtype": "A",
            "id": "5110317622",
            "subdomain": "entry-2",
            "target": "127.0.0.1",
            "ttl": 3600,
            "zone": "hashicorp4noobs.fr"
          },
          "private": "bnVsbA=="
        }
      ]
    }
  ]
}
